
Microsoft Visual Studio Solution File, Format Version 12.00
# Visual Studio Version 17
VisualStudioVersion = 17.0.31903.59
MinimumVisualStudioVersion = 10.0.40219.1
Project("{2150E333-8FDC-42A3-9474-1A3956D46DE8}") = "src", "src", "{363DB37D-7805-4A60-9F29-021C5F9278F5}"
EndProject
Project("{FAE04EC0-301F-11D3-BF4B-00C04F79EFBC}") = "BlogApp.Application", "src\BlogApp.Application\BlogApp.Application.csproj", "{60B9C855-F9E8-4377-AD68-F2DC337282AD}"
EndProject
Project("{FAE04EC0-301F-11D3-BF4B-00C04F79EFBC}") = "BlogApp.Domain", "src\BlogApp.Domain\BlogApp.Domain.csproj", "{2CBBB973-C463-4C49-9C7F-9A2EDA5E33E7}"
EndProject
Project("{FAE04EC0-301F-11D3-BF4B-00C04F79EFBC}") = "BlogApp.Infrastructure", "src\BlogApp.Infrastructure\BlogApp.Infrastructure.csproj", "{F991BD0F-1910-47F0-B5EF-C1247711E3A5}"
EndProject
Project("{FAE04EC0-301F-11D3-BF4B-00C04F79EFBC}") = "BlogApp.WebApi", "src\BlogApp.WebApi\BlogApp.WebApi.csproj", "{6FCF2C50-C251-4539-978E-E480617A2F44}"
EndProject
Global
	GlobalSection(SolutionConfigurationPlatforms) = preSolution
		Debug|Any CPU = Debug|Any CPU
		Release|Any CPU = Release|Any CPU
	EndGlobalSection
	GlobalSection(SolutionProperties) = preSolution
		HideSolutionNode = FALSE
	EndGlobalSection
	GlobalSection(ProjectConfigurationPlatforms) = postSolution
		{60B9C855-F9E8-4377-AD68-F2DC337282AD}.Debug|Any CPU.ActiveCfg = Debug|Any CPU
		{60B9C855-F9E8-4377-AD68-F2DC337282AD}.Debug|Any CPU.Build.0 = Debug|Any CPU
		{60B9C855-F9E8-4377-AD68-F2DC337282AD}.Release|Any CPU.ActiveCfg = Release|Any CPU
		{60B9C855-F9E8-4377-AD68-F2DC337282AD}.Release|Any CPU.Build.0 = Release|Any CPU
		{2CBBB973-C463-4C49-9C7F-9A2EDA5E33E7}.Debug|Any CPU.ActiveCfg = Debug|Any CPU
		{2CBBB973-C463-4C49-9C7F-9A2EDA5E33E7}.Debug|Any CPU.Build.0 = Debug|Any CPU
		{2CBBB973-C463-4C49-9C7F-9A2EDA5E33E7}.Release|Any CPU.ActiveCfg = Release|Any CPU
		{2CBBB973-C463-4C49-9C7F-9A2EDA5E33E7}.Release|Any CPU.Build.0 = Release|Any CPU
		{F991BD0F-1910-47F0-B5EF-C1247711E3A5}.Debug|Any CPU.ActiveCfg = Debug|Any CPU
		{F991BD0F-1910-47F0-B5EF-C1247711E3A5}.Debug|Any CPU.Build.0 = Debug|Any CPU
		{F991BD0F-1910-47F0-B5EF-C1247711E3A5}.Release|Any CPU.ActiveCfg = Release|Any CPU
		{F991BD0F-1910-47F0-B5EF-C1247711E3A5}.Release|Any CPU.Build.0 = Release|Any CPU
		{6FCF2C50-C251-4539-978E-E480617A2F44}.Debug|Any CPU.ActiveCfg = Debug|Any CPU
		{6FCF2C50-C251-4539-978E-E480617A2F44}.Debug|Any CPU.Build.0 = Debug|Any CPU
		{6FCF2C50-C251-4539-978E-E480617A2F44}.Release|Any CPU.ActiveCfg = Release|Any CPU
		{6FCF2C50-C251-4539-978E-E480617A2F44}.Release|Any CPU.Build.0 = Release|Any CPU
	EndGlobalSection
	GlobalSection(NestedProjects) = preSolution
		{60B9C855-F9E8-4377-AD68-F2DC337282AD} = {363DB37D-7805-4A60-9F29-021C5F9278F5}
		{2CBBB973-C463-4C49-9C7F-9A2EDA5E33E7} = {363DB37D-7805-4A60-9F29-021C5F9278F5}
		{F991BD0F-1910-47F0-B5EF-C1247711E3A5} = {363DB37D-7805-4A60-9F29-021C5F9278F5}
		{6FCF2C50-C251-4539-978E-E480617A2F44} = {363DB37D-7805-4A60-9F29-021C5F9278F5}
	EndGlobalSection
EndGlobal
